
Microsoft Visual Studio Solution File, Format Version 12.00
# Visual Studio Version 17
VisualStudioVersion = 17.7.34202.233
MinimumVisualStudioVersion = 10.0.40219.1
Project("{8BC9CEB8-8B4A-11D0-8D11-00A0C91BC942}") = "problem 21", "problem 21\problem 21.vcxproj", "{54B45572-D2D5-4629-B0FB-5E70A5D238E5}"
EndProject
Global
	GlobalSection(SolutionConfigurationPlatforms) = preSolution
		Debug|x64 = Debug|x64
		Debug|x86 = Debug|x86
		Release|x64 = Release|x64
		Release|x86 = Release|x86
	EndGlobalSection
	GlobalSection(ProjectConfigurationPlatforms) = postSolution
		{54B45572-D2D5-4629-B0FB-5E70A5D238E5}.Debug|x64.ActiveCfg = Debug|x64
		{54B45572-D2D5-4629-B0FB-5E70A5D238E5}.Debug|x64.Build.0 = Debug|x64
		{54B45572-D2D5-4629-B0FB-5E70A5D238E5}.Debug|x86.ActiveCfg = Debug|Win32
		{54B45572-D2D5-4629-B0FB-5E70A5D238E5}.Debug|x86.Build.0 = Debug|Win32
		{54B45572-D2D5-4629-B0FB-5E70A5D238E5}.Release|x64.ActiveCfg = Release|x64
		{54B45572-D2D5-4629-B0FB-5E70A5D238E5}.Release|x64.Build.0 = Release|x64
		{54B45572-D2D5-4629-B0FB-5E70A5D238E5}.Release|x86.ActiveCfg = Release|Win32
		{54B45572-D2D5-4629-B0FB-5E70A5D238E5}.Release|x86.Build.0 = Release|Win32
	EndGlobalSection
	GlobalSection(SolutionProperties) = preSolution
		HideSolutionNode = FALSE
	EndGlobalSection
	GlobalSection(ExtensibilityGlobals) = postSolution
		SolutionGuid = {DF23C0BA-BD18-4DB6-BF09-D01613516002}
	EndGlobalSection
EndGlobal
